
Microsoft Visual Studio Solution File, Format Version 12.00
# Visual Studio Version 17
VisualStudioVersion = 17.14.36310.24 d17.14
MinimumVisualStudioVersion = 10.0.40219.1
Project("{FAE04EC0-301F-11D3-BF4B-00C04F79EFBC}") = "RentalKendaraan", "RentalKendaraan\RentalKendaraan.csproj", "{F3B2817A-A578-40EB-8F4C-472D0583C13E}"
EndProject
Global
	GlobalSection(SolutionConfigurationPlatforms) = preSolution
		Debug|Any CPU = Debug|Any CPU
		Release|Any CPU = Release|Any CPU
	EndGlobalSection
	GlobalSection(ProjectConfigurationPlatforms) = postSolution
		{F3B2817A-A578-40EB-8F4C-472D0583C13E}.Debug|Any CPU.ActiveCfg = Debug|Any CPU
		{F3B2817A-A578-40EB-8F4C-472D0583C13E}.Debug|Any CPU.Build.0 = Debug|Any CPU
		{F3B2817A-A578-40EB-8F4C-472D0583C13E}.Release|Any CPU.ActiveCfg = Release|Any CPU
		{F3B2817A-A578-40EB-8F4C-472D0583C13E}.Release|Any CPU.Build.0 = Release|Any CPU
	EndGlobalSection
	GlobalSection(SolutionProperties) = preSolution
		HideSolutionNode = FALSE
	EndGlobalSection
	GlobalSection(ExtensibilityGlobals) = postSolution
		SolutionGuid = {663B82FD-CCEE-4E13-A3AB-9240A579897D}
	EndGlobalSection
EndGlobal
